// !$*UTF8*$!
{
	archiveVersion = 1;
	classes = {
	};
	objectVersion = 48;
	objects = {

/* Begin PBXBuildFile section */
		1F204C9B20BBA07A00CAFFA5 /* AppDelegate.m in Sources */ = {isa = PBXBuildFile; fileRef = 1F204C9A20BBA07A00CAFFA5 /* AppDelegate.m */; };
		1F204CA120BBA07A00CAFFA5 /* Main.storyboard in Resources */ = {isa = PBXBuildFile; fileRef = 1F204C9F20BBA07A00CAFFA5 /* Main.storyboard */; };
		1F204CA320BBA07A00CAFFA5 /* Assets.xcassets in Resources */ = {isa = PBXBuildFile; fileRef = 1F204CA220BBA07A00CAFFA5 /* Assets.xcassets */; };
		1F204CA620BBA07A00CAFFA5 /* LaunchScreen.storyboard in Resources */ = {isa = PBXBuildFile; fileRef = 1F204CA420BBA07A00CAFFA5 /* LaunchScreen.storyboard */; };
		1F204CA920BBA07A00CAFFA5 /* main.m in Sources */ = {isa = PBXBuildFile; fileRef = 1F204CA820BBA07A00CAFFA5 /* main.m */; };
		1F204CB120BBA34700CAFFA5 /* CountryTableViewController.m in Sources */ = {isa = PBXBuildFile; fileRef = 1F204CB020BBA34700CAFFA5 /* CountryTableViewController.m */; };
		1F204CB420BBA48700CAFFA5 /* Country.m in Sources */ = {isa = PBXBuildFile; fileRef = 1F204CB320BBA48700CAFFA5 /* Country.m */; };
		1F204CB720BBAF5200CAFFA5 /* CountryDetailViewController.m in Sources */ = {isa = PBXBuildFile; fileRef = 1F204CB620BBAF5200CAFFA5 /* CountryDetailViewController.m */; };
/* End PBXBuildFile section */

/* Begin PBXFileReference section */
		1F204C9620BBA07A00CAFFA5 /* CountryDemoZJF.app */ = {isa = PBXFileReference; explicitFileType = wrapper.application; includeInIndex = 0; path = CountryDemoZJF.app; sourceTree = BUILT_PRODUCTS_DIR; };
		1F204C9920BBA07A00CAFFA5 /* AppDelegate.h */ = {isa = PBXFileReference; lastKnownFileType = sourcecode.c.h; path = AppDelegate.h; sourceTree = "<group>"; };
		1F204C9A20BBA07A00CAFFA5 /* AppDelegate.m */ = {isa = PBXFileReference; lastKnownFileType = sourcecode.c.objc; path = AppDelegate.m; sourceTree = "<group>"; };
		1F204CA020BBA07A00CAFFA5 /* Base */ = {isa = PBXFileReference; lastKnownFileType = file.storyboard; name = Base; path = Base.lproj/Main.storyboard; sourceTree = "<group>"; };
		1F204CA220BBA07A00CAFFA5 /* Assets.xcassets */ = {isa = PBXFileReference; lastKnownFileType = folder.assetcatalog; path = Assets.xcassets; sourceTree = "<group>"; };
		1F204CA520BBA07A00CAFFA5 /* Base */ = {isa = PBXFileReference; lastKnownFileType = file.storyboard; name = Base; path = Base.lproj/LaunchScreen.storyboard; sourceTree = "<group>"; };
		1F204CA720BBA07A00CAFFA5 /* Info.plist */ = {isa = PBXFileReference; lastKnownFileType = text.plist.xml; path = Info.plist; sourceTree = "<group>"; };
		1F204CA820BBA07A00CAFFA5 /* main.m */ = {isa = PBXFileReference; lastKnownFileType = sourcecode.c.objc; path = main.m; sourceTree = "<group>"; };
		1F204CAF20BBA34700CAFFA5 /* CountryTableViewController.h */ = {isa = PBXFileReference; lastKnownFileType = sourcecode.c.h; path = CountryTableViewController.h; sourceTree = "<group>"; };
		1F204CB020BBA34700CAFFA5 /* CountryTableViewController.m */ = {isa = PBXFileReference; lastKnownFileType = sourcecode.c.objc; path = CountryTableViewController.m; sourceTree = "<group>"; };
		1F204CB220BBA48700CAFFA5 /* Country.h */ = {isa = PBXFileReference; lastKnownFileType = sourcecode.c.h; path = Country.h; sourceTree = "<group>"; };
		1F204CB320BBA48700CAFFA5 /* Country.m */ = {isa = PBXFileReference; lastKnownFileType = sourcecode.c.objc; path = Country.m; sourceTree = "<group>"; };
		1F204CB520BBAF5200CAFFA5 /* CountryDetailViewController.h */ = {isa = PBXFileReference; lastKnownFileType = sourcecode.c.h; path = CountryDetailViewController.h; sourceTree = "<group>"; };
		1F204CB620BBAF5200CAFFA5 /* CountryDetailViewController.m */ = {isa = PBXFileReference; lastKnownFileType = sourcecode.c.objc; path = CountryDetailViewController.m; sourceTree = "<group>"; };
/* End PBXFileReference section */

/* Begin PBXFrameworksBuildPhase section */
		1F204C9320BBA07A00CAFFA5 /* Frameworks */ = {
			isa = PBXFrameworksBuildPhase;
			buildActionMask = 2147483647;
			files = (
			);
			runOnlyForDeploymentPostprocessing = 0;
		};
/* End PBXFrameworksBuildPhase section */

/* Begin PBXGroup section */
		1F204C8D20BBA07A00CAFFA5 = {
			isa = PBXGroup;
			children = (
				1F204C9820BBA07A00CAFFA5 /* CountryDemoZJF */,
				1F204C9720BBA07A00CAFFA5 /* Products */,
			);
			sourceTree = "<group>";
		};
		1F204C9720BBA07A00CAFFA5 /* Products */ = {
			isa = PBXGroup;
			children = (
				1F204C9620BBA07A00CAFFA5 /* CountryDemoZJF.app */,
			);
			name = Products;
			sourceTree = "<group>";
		};
		1F204C9820BBA07A00CAFFA5 /* CountryDemoZJF */ = {
			isa = PBXGroup;
			children = (
				1F204C9920BBA07A00CAFFA5 /* AppDelegate.h */,
				1F204C9A20BBA07A00CAFFA5 /* AppDelegate.m */,
				1F204C9F20BBA07A00CAFFA5 /* Main.storyboard */,
				1F204CA220BBA07A00CAFFA5 /* Assets.xcassets */,
				1F204CA420BBA07A00CAFFA5 /* LaunchScreen.storyboard */,
				1F204CA720BBA07A00CAFFA5 /* Info.plist */,
				1F204CA820BBA07A00CAFFA5 /* main.m */,
				1F204CAF20BBA34700CAFFA5 /* CountryTableViewController.h */,
				1F204CB020BBA34700CAFFA5 /* CountryTableViewController.m */,
				1F204CB220BBA48700CAFFA5 /* Country.h */,
				1F204CB320BBA48700CAFFA5 /* Country.m */,
				1F204CB520BBAF5200CAFFA5 /* CountryDetailViewController.h */,
				1F204CB620BBAF5200CAFFA5 /* CountryDetailViewController.m */,
			);
			path = CountryDemoZJF;
			sourceTree = "<group>";
		};
/* End PBXGroup section */

/* Begin PBXNativeTarget section */
		1F204C9520BBA07A00CAFFA5 /* CountryDemoZJF */ = {
			isa = PBXNativeTarget;
			buildConfigurationList = 1F204CAC20BBA07A00CAFFA5 /* Build configuration list for PBXNativeTarget "CountryDemoZJF" */;
			buildPhases = (
				1F204C9220BBA07A00CAFFA5 /* Sources */,
				1F204C9320BBA07A00CAFFA5 /* Frameworks */,
				1F204C9420BBA07A00CAFFA5 /* Resources */,
			);
			buildRules = (
			);
			dependencies = (
			);
			name = CountryDemoZJF;
			productName = CountryDemoFZL;
			productReference = 1F204C9620BBA07A00CAFFA5 /* CountryDemoZJF.app */;
			productType = "com.apple.product-type.application";
		};
/* End PBXNativeTarget section */

/* Begin PBXProject section */
		1F204C8E20BBA07A00CAFFA5 /* Project object */ = {
			isa = PBXProject;
			attributes = {
				LastUpgradeCheck = 0900;
				ORGANIZATIONNAME = sjl;
				TargetAttributes = {
					1F204C9520BBA07A00CAFFA5 = {
						CreatedOnToolsVersion = 9.0;
						ProvisioningStyle = Automatic;
					};
				};
			};
			buildConfigurationList = 1F204C9120BBA07A00CAFFA5 /* Build configuration list for PBXProject "CountryDemoZJF" */;
			compatibilityVersion = "Xcode 8.0";
			developmentRegion = en;
			hasScannedForEncodings = 0;
			knownRegions = (
				en,
				Base,
			);
			mainGroup = 1F204C8D20BBA07A00CAFFA5;
			productRefGroup = 1F204C9720BBA07A00CAFFA5 /* Products */;
			projectDirPath = "";
			projectRoot = "";
			targets = (
				1F204C9520BBA07A00CAFFA5 /* CountryDemoZJF */,
			);
		};
/* End PBXProject section */

/* Begin PBXResourcesBuildPhase section */
		1F204C9420BBA07A00CAFFA5 /* Resources */ = {
			isa = PBXResourcesBuildPhase;
			buildActionMask = 2147483647;
			files = (
				1F204CA620BBA07A00CAFFA5 /* LaunchScreen.storyboard in Resources */,
				1F204CA320BBA07A00CAFFA5 /* Assets.xcassets in Resources */,
				1F204CA120BBA07A00CAFFA5 /* Main.storyboard in Resources */,
			);
			runOnlyForDeploymentPostprocessing = 0;
		};
/* End PBXResourcesBuildPhase section */

/* Begin PBXSourcesBuildPhase section */
		1F204C9220BBA07A00CAFFA5 /* Sources */ = {
			isa = PBXSourcesBuildPhase;
			buildActionMask = 2147483647;
			files = (
				1F204CB420BBA48700CAFFA5 /* Country.m in Sources */,
				1F204CA920BBA07A00CAFFA5 /* main.m in Sources */,
				1F204C9B20BBA07A00CAFFA5 /* AppDelegate.m in Sources */,
				1F204CB720BBAF5200CAFFA5 /* CountryDetailViewController.m in Sources */,
				1F204CB120BBA34700CAFFA5 /* CountryTableViewController.m in Sources */,
			);
			runOnlyForDeploymentPostprocessing = 0;
		};
/* End PBXSourcesBuildPhase section */

/* Begin PBXVariantGroup section */
		1F204C9F20BBA07A00CAFFA5 /* Main.storyboard */ = {
			isa = PBXVariantGroup;
			children = (
				1F204CA020BBA07A00CAFFA5 /* Base */,
			);
			name = Main.storyboard;
			sourceTree = "<group>";
		};
		1F204CA420BBA07A00CAFFA5 /* LaunchScreen.storyboard */ = {
			isa = PBXVariantGroup;
			children = (
				1F204CA520BBA07A00CAFFA5 /* Base */,
			);
			name = LaunchScreen.storyboard;
			sourceTree = "<group>";
		};
/* End PBXVariantGroup section */

/* Begin XCBuildConfiguration section */
		1F204CAA20BBA07A00CAFFA5 /* Debug */ = {
			isa = XCBuildConfiguration;
			buildSettings = {
				ALWAYS_SEARCH_USER_PATHS = NO;
				CLANG_ANALYZER_NONNULL = YES;
				CLANG_ANALYZER_NUMBER_OBJECT_CONVERSION = YES_AGGRESSIVE;
				CLANG_CXX_LANGUAGE_STANDARD = "gnu++14";
				CLANG_CXX_LIBRARY = "libc++";
				CLANG_ENABLE_MODULES = YES;
				CLANG_ENABLE_OBJC_ARC = YES;
				CLANG_WARN_BLOCK_CAPTURE_AUTORELEASING = YES;
				CLANG_WARN_BOOL_CONVERSION = YES;
				CLANG_WARN_COMMA = YES;
				CLANG_WARN_CONSTANT_CONVERSION = YES;
				CLANG_WARN_DIRECT_OBJC_ISA_USAGE = YES_ERROR;
				CLANG_WARN_DOCUMENTATION_COMMENTS = YES;
				CLANG_WARN_EMPTY_BODY = YES;
				CLANG_WARN_ENUM_CONVERSION = YES;
				CLANG_WARN_INFINITE_RECURSION = YES;
				CLANG_WARN_INT_CONVERSION = YES;
				CLANG_WARN_NON_LITERAL_NULL_CONVERSION = YES;
				CLANG_WARN_OBJC_LITERAL_CONVERSION = YES;
				CLANG_WARN_OBJC_ROOT_CLASS = YES_ERROR;
				CLANG_WARN_RANGE_LOOP_ANALYSIS = YES;
				CLANG_WARN_STRICT_PROTOTYPES = YES;
				CLANG_WARN_SUSPICIOUS_MOVE = YES;
				CLANG_WARN_UNGUARDED_AVAILABILITY = YES_AGGRESSIVE;
				CLANG_WARN_UNREACHABLE_CODE = YES;
				CLANG_WARN__DUPLICATE_METHOD_MATCH = YES;
				CODE_SIGN_IDENTITY = "iPhone Developer";
				COPY_PHASE_STRIP = NO;
				DEBUG_INFORMATION_FORMAT = dwarf;
				ENABLE_STRICT_OBJC_MSGSEND = YES;
				ENABLE_TESTABILITY = YES;
				GCC_C_LANGUAGE_STANDARD = gnu11;
				GCC_DYNAMIC_NO_PIC = NO;
				GCC_NO_COMMON_BLOCKS = YES;
				GCC_OPTIMIZATION_LEVEL = 0;
				GCC_PREPROCESSOR_DEFINITIONS = (
					"DEBUG=1",
					"$(inherited)",
				);
				GCC_WARN_64_TO_32_BIT_CONVERSION = YES;
				GCC_WARN_ABOUT_RETURN_TYPE = YES_ERROR;
				GCC_WARN_UNDECLARED_SELECTOR = YES;
				GCC_WARN_UNINITIALIZED_AUTOS = YES_AGGRESSIVE;
				GCC_WARN_UNUSED_FUNCTION = YES;
				GCC_WARN_UNUSED_VARIABLE = YES;
				IPHONEOS_DEPLOYMENT_TARGET = 11.0;
				MTL_ENABLE_DEBUG_INFO = YES;
				ONLY_ACTIVE_ARCH = YES;
				SDKROOT = iphoneos;
			};
			name = Debug;
		};
		1F204CAB20BBA07A00CAFFA5 /* Release */ = {
			isa = XCBuildConfiguration;
			buildSettings = {
				ALWAYS_SEARCH_USER_PATHS = NO;
				CLANG_ANALYZER_NONNULL = YES;
				CLANG_ANALYZER_NUMBER_OBJECT_CONVERSION = YES_AGGRESSIVE;
				CLANG_CXX_LANGUAGE_STANDARD = "gnu++14";
				CLANG_CXX_LIBRARY = "libc++";
				CLANG_ENABLE_MODULES = YES;
				CLANG_ENABLE_OBJC_ARC = YES;
				CLANG_WARN_BLOCK_CAPTURE_AUTORELEASING = YES;
				CLANG_WARN_BOOL_CONVERSION = YES;
				CLANG_WARN_COMMA = YES;
				CLANG_WARN_CONSTANT_CONVERSION = YES;
				CLANG_WARN_DIRECT_OBJC_ISA_USAGE = YES_ERROR;
				CLANG_WARN_DOCUMENTATION_COMMENTS = YES;
				CLANG_WARN_EMPTY_BODY = YES;
				CLANG_WARN_ENUM_CONVERSION = YES;
				CLANG_WARN_INFINITE_RECURSION = YES;
				CLANG_WARN_INT_CONVERSION = YES;
				CLANG_WARN_NON_LITERAL_NULL_CONVERSION = YES;
				CLANG_WARN_OBJC_LITERAL_CONVERSION = YES;
				CLANG_WARN_OBJC_ROOT_CLASS = YES_ERROR;
				CLANG_WARN_RANGE_LOOP_ANALYSIS = YES;
				CLANG_WARN_STRICT_PROTOTYPES = YES;
				CLANG_WARN_SUSPICIOUS_MOVE = YES;
				CLANG_WARN_UNGUARDED_AVAILABILITY = YES_AGGRESSIVE;
				CLANG_WARN_UNREACHABLE_CODE = YES;
				CLANG_WARN__DUPLICATE_METHOD_MATCH = YES;
				CODE_SIGN_IDENTITY = "iPhone Developer";
				COPY_PHASE_STRIP = NO;
				DEBUG_INFORMATION_FORMAT = "dwarf-with-dsym";
				ENABLE_NS_ASSERTIONS = NO;
				ENABLE_STRICT_OBJC_MSGSEND = YES;
				GCC_C_LANGUAGE_STANDARD = gnu11;
				GCC_NO_COMMON_BLOCKS = YES;
				GCC_WARN_64_TO_32_BIT_CONVERSION = YES;
				GCC_WARN_ABOUT_RETURN_TYPE = YES_ERROR;
				GCC_WARN_UNDECLARED_SELECTOR = YES;
				GCC_WARN_UNINITIALIZED_AUTOS = YES_AGGRESSIVE;
				GCC_WARN_UNUSED_FUNCTION = YES;
				GCC_WARN_UNUSED_VARIABLE = YES;
				IPHONEOS_DEPLOYMENT_TARGET = 11.0;
				MTL_ENABLE_DEBUG_INFO = NO;
				SDKROOT = iphoneos;
				VALIDATE_PRODUCT = YES;
			};
			name = Release;
		};
		1F204CAD20BBA07A00CAFFA5 /* Debug */ = {
			isa = XCBuildConfiguration;
			buildSettings = {
				ASSETCATALOG_COMPILER_APPICON_NAME = AppIcon;
				CODE_SIGN_STYLE = Automatic;
				INFOPLIST_FILE = "$(SRCROOT)/CountryDemoZJF/Info.plist";
				LD_RUNPATH_SEARCH_PATHS = "$(inherited) @executable_path/Frameworks";
				PRODUCT_BUNDLE_IDENTIFIER = zjc.CountryDemoZJF;
				PRODUCT_NAME = "$(TARGET_NAME)";
				TARGETED_DEVICE_FAMILY = "1,2";
			};
			name = Debug;
		};
		1F204CAE20BBA07A00CAFFA5 /* Release */ = {
			isa = XCBuildConfiguration;
			buildSettings = {
				ASSETCATALOG_COMPILER_APPICON_NAME = AppIcon;
				CODE_SIGN_STYLE = Automatic;
				INFOPLIST_FILE = "$(SRCROOT)/CountryDemoZJF/Info.plist";
				LD_RUNPATH_SEARCH_PATHS = "$(inherited) @executable_path/Frameworks";
				PRODUCT_BUNDLE_IDENTIFIER = zjc.CountryDemoZJF;
				PRODUCT_NAME = "$(TARGET_NAME)";
				TARGETED_DEVICE_FAMILY = "1,2";
			};
			name = Release;
		};
/* End XCBuildConfiguration section */

/* Begin XCConfigurationList section */
		1F204C9120BBA07A00CAFFA5 /* Build configuration list for PBXProject "CountryDemoZJF" */ = {
			isa = XCConfigurationList;
			buildConfigurations = (
				1F204CAA20BBA07A00CAFFA5 /* Debug */,
				1F204CAB20BBA07A00CAFFA5 /* Release */,
			);
			defaultConfigurationIsVisible = 0;
			defaultConfigurationName = Release;
		};
		1F204CAC20BBA07A00CAFFA5 /* Build configuration list for PBXNativeTarget "CountryDemoZJF" */ = {
			isa = XCConfigurationList;
			buildConfigurations = (
				1F204CAD20BBA07A00CAFFA5 /* Debug */,
				1F204CAE20BBA07A00CAFFA5 /* Release */,
			);
			defaultConfigurationIsVisible = 0;
			defaultConfigurationName = Release;
		};
/* End XCConfigurationList section */
	};
	rootObject = 1F204C8E20BBA07A00CAFFA5 /* Project object */;
}
